
Microsoft Visual Studio Solution File, Format Version 12.00
# Visual Studio Version 17
VisualStudioVersion = 17.3.32901.215
MinimumVisualStudioVersion = 10.0.40219.1
Project("{FAE04EC0-301F-11D3-BF4B-00C04F79EFBC}") = "vize-final-durum", "vize-final-durum\vize-final-durum.csproj", "{DC9E3A4C-9977-41BA-93A2-E3F283CBB621}"
EndProject
Global
	GlobalSection(SolutionConfigurationPlatforms) = preSolution
		Debug|Any CPU = Debug|Any CPU
		Release|Any CPU = Release|Any CPU
	EndGlobalSection
	GlobalSection(ProjectConfigurationPlatforms) = postSolution
		{DC9E3A4C-9977-41BA-93A2-E3F283CBB621}.Debug|Any CPU.ActiveCfg = Debug|Any CPU
		{DC9E3A4C-9977-41BA-93A2-E3F283CBB621}.Debug|Any CPU.Build.0 = Debug|Any CPU
		{DC9E3A4C-9977-41BA-93A2-E3F283CBB621}.Release|Any CPU.ActiveCfg = Release|Any CPU
		{DC9E3A4C-9977-41BA-93A2-E3F283CBB621}.Release|Any CPU.Build.0 = Release|Any CPU
	EndGlobalSection
	GlobalSection(SolutionProperties) = preSolution
		HideSolutionNode = FALSE
	EndGlobalSection
	GlobalSection(ExtensibilityGlobals) = postSolution
		SolutionGuid = {ACAB33DD-01DB-4A63-94F7-EACCD5C3E26B}
	EndGlobalSection
EndGlobal
